Microsoft Visual Studio Solution File, Format Version 12.00
# Visual Studio Version 17
VisualStudioVersion = 17.8.34330.188
MinimumVisualStudioVersion = 10.0.40219.1
Project("{FAE04EC0-301F-11D3-BF4B-00C04F79EFBC}") = "Sabr.Api", "src\Sabr.Api\Sabr.Api.csproj", "{4018803C-D5E4-41BB-82CD-08C057CE0D2A}"
EndProject
Project("{FAE04EC0-301F-11D3-BF4B-00C04F79EFBC}") = "Sabr.Application", "src\Sabr.Application\Sabr.Application.csproj", "{1B5FA9D2-2F66-42E9-A7DE-FCCFFC4E0C8F}"
EndProject
Project("{FAE04EC0-301F-11D3-BF4B-00C04F79EFBC}") = "Sabr.Domain", "src\Sabr.Domain\Sabr.Domain.csproj", "{49383F65-380E-4F32-96EA-F7ABAFBB6D91}"
EndProject
Project("{FAE04EC0-301F-11D3-BF4B-00C04F79EFBC}") = "Sabr.Infrastructure", "src\Sabr.Infrastructure\Sabr.Infrastructure.csproj", "{6BA47F59-4B0F-4A35-BB0C-31DFAA6D06BF}"
EndProject
Project("{9A19103F-16F7-4668-BE54-9A1E7A4F7556}") = "Sabr.Api.Tests", "tests\Sabr.Api.Tests\Sabr.Api.Tests.csproj", "{8712DA9E-D909-4B6B-B24C-1AFDC282D5AE}"
EndProject
Global
    GlobalSection(SolutionConfigurationPlatforms) = preSolution
        Debug|Any CPU = Debug|Any CPU
        Release|Any CPU = Release|Any CPU
    EndGlobalSection
    GlobalSection(ProjectConfigurationPlatforms) = postSolution
        {4018803C-D5E4-41BB-82CD-08C057CE0D2A}.Debug|Any CPU.ActiveCfg = Debug|Any CPU
        {4018803C-D5E4-41BB-82CD-08C057CE0D2A}.Debug|Any CPU.Build.0 = Debug|Any CPU
        {4018803C-D5E4-41BB-82CD-08C057CE0D2A}.Release|Any CPU.ActiveCfg = Release|Any CPU
        {4018803C-D5E4-41BB-82CD-08C057CE0D2A}.Release|Any CPU.Build.0 = Release|Any CPU
        {1B5FA9D2-2F66-42E9-A7DE-FCCFFC4E0C8F}.Debug|Any CPU.ActiveCfg = Debug|Any CPU
        {1B5FA9D2-2F66-42E9-A7DE-FCCFFC4E0C8F}.Debug|Any CPU.Build.0 = Debug|Any CPU
        {1B5FA9D2-2F66-42E9-A7DE-FCCFFC4E0C8F}.Release|Any CPU.ActiveCfg = Release|Any CPU
        {1B5FA9D2-2F66-42E9-A7DE-FCCFFC4E0C8F}.Release|Any CPU.Build.0 = Release|Any CPU
        {49383F65-380E-4F32-96EA-F7ABAFBB6D91}.Debug|Any CPU.ActiveCfg = Debug|Any CPU
        {49383F65-380E-4F32-96EA-F7ABAFBB6D91}.Debug|Any CPU.Build.0 = Debug|Any CPU
        {49383F65-380E-4F32-96EA-F7ABAFBB6D91}.Release|Any CPU.ActiveCfg = Release|Any CPU
        {49383F65-380E-4F32-96EA-F7ABAFBB6D91}.Release|Any CPU.Build.0 = Release|Any CPU
        {6BA47F59-4B0F-4A35-BB0C-31DFAA6D06BF}.Debug|Any CPU.ActiveCfg = Debug|Any CPU
        {6BA47F59-4B0F-4A35-BB0C-31DFAA6D06BF}.Debug|Any CPU.Build.0 = Debug|Any CPU
        {6BA47F59-4B0F-4A35-BB0C-31DFAA6D06BF}.Release|Any CPU.ActiveCfg = Release|Any CPU
        {6BA47F59-4B0F-4A35-BB0C-31DFAA6D06BF}.Release|Any CPU.Build.0 = Release|Any CPU
        {8712DA9E-D909-4B6B-B24C-1AFDC282D5AE}.Debug|Any CPU.ActiveCfg = Debug|Any CPU
        {8712DA9E-D909-4B6B-B24C-1AFDC282D5AE}.Debug|Any CPU.Build.0 = Debug|Any CPU
        {8712DA9E-D909-4B6B-B24C-1AFDC282D5AE}.Release|Any CPU.ActiveCfg = Release|Any CPU
        {8712DA9E-D909-4B6B-B24C-1AFDC282D5AE}.Release|Any CPU.Build.0 = Release|Any CPU
    EndGlobalSection
EndGlobal
